{
  "lockfile_version": "1",
  "packages": {
    "bundler@2.5.22": {
      "last_modified": "2024-12-23T21:10:33Z",
      "resolved": "github:NixOS/nixpkgs/de1864217bfa9b5845f465e771e0ecb48b30e02d#bundler",
      "source": "devbox-search",
      "version": "2.5.22",
      "systems": {
        "aarch64-darwin": {
          "outputs": [
            {
              "name": "out",
              "path": "/nix/store/blzzklvv22g4p2q9kx2vxaamad9pkbns-bundler-2.5.22",
              "default": true
            }
          ],
          "store_path": "/nix/store/blzzklvv22g4p2q9kx2vxaamad9pkbns-bundler-2.5.22"
        },
        "aarch64-linux": {
          "outputs": [
            {
              "name": "out",
              "path": "/nix/store/x2ki3q7wrwigv19jgcy7sj8wag17nvy3-bundler-2.5.22",
              "default": true
            }
          ],
          "store_path": "/nix/store/x2ki3q7wrwigv19jgcy7sj8wag17nvy3-bundler-2.5.22"
        },
        "x86_64-darwin": {
          "outputs": [
            {
              "name": "out",
              "path": "/nix/store/hnav9gyz9mywld7c1xc1jbyx5mmr588l-bundler-2.5.22",
              "default": true
            }
          ],
          "store_path": "/nix/store/hnav9gyz9mywld7c1xc1jbyx5mmr588l-bundler-2.5.22"
        },
        "x86_64-linux": {
          "outputs": [
            {
              "name": "out",
              "path": "/nix/store/n4ynvqkq27ag37hrvp5p49p0hk4hzmps-bundler-2.5.22",
              "default": true
            }
          ],
          "store_path": "/nix/store/n4ynvqkq27ag37hrvp5p49p0hk4hzmps-bundler-2.5.22"
        }
      }
    },
    "gcc@14-20241116": {
      "last_modified": "2024-12-23T21:10:33Z",
      "resolved": "github:NixOS/nixpkgs/de1864217bfa9b5845f465e771e0ecb48b30e02d#gcc",
      "source": "devbox-search",
      "version": "14-20241116",
      "systems": {
        "aarch64-darwin": {
          "outputs": [
            {
              "name": "out",
              "path": "/nix/store/bz4za608n5sn2lilknjx5pnc99ysby33-gcc-wrapper-14-20241116",
              "default": true
            },
            {
              "name": "man",
              "path": "/nix/store/5ax2kmxwxjxifk325iakm5abjwdfj7gy-gcc-wrapper-14-20241116-man",
              "default": true
            },
            {
              "name": "info",
              "path": "/nix/store/aiivjnra5g8pql4jphnh9dsyr4z3i6pj-gcc-wrapper-14-20241116-info"
            }
          ],
          "store_path": "/nix/store/bz4za608n5sn2lilknjx5pnc99ysby33-gcc-wrapper-14-20241116"
        },
        "aarch64-linux": {
          "outputs": [
            {
              "name": "out",
              "path": "/nix/store/lypi8vf0lra99nx7nx2by1jyx5nhj9x0-gcc-wrapper-14-20241116",
              "default": true
            },
            {
              "name": "man",
              "path": "/nix/store/zdvmhplq052pzswiqh7ap84kxgfv3zpa-gcc-wrapper-14-20241116-man",
              "default": true
            },
            {
              "name": "info",
              "path": "/nix/store/vzxp6yn3xjwhfndp6cl77qpayxlwmy1c-gcc-wrapper-14-20241116-info"
            }
          ],
          "store_path": "/nix/store/lypi8vf0lra99nx7nx2by1jyx5nhj9x0-gcc-wrapper-14-20241116"
        },
        "x86_64-darwin": {
          "outputs": [
            {
              "name": "out",
              "path": "/nix/store/g3ma4vjn7wdn5sri45di3pkj5xi5irr9-gcc-wrapper-14-20241116",
              "default": true
            },
            {
              "name": "man",
              "path": "/nix/store/r3k9xzqj3xpkl1c8sjq11pxiv5rarph5-gcc-wrapper-14-20241116-man",
              "default": true
            },
            {
              "name": "info",
              "path": "/nix/store/hqcd606dbh4pai6rvp5rlncs4amd39b5-gcc-wrapper-14-20241116-info"
            }
          ],
          "store_path": "/nix/store/g3ma4vjn7wdn5sri45di3pkj5xi5irr9-gcc-wrapper-14-20241116"
        },
        "x86_64-linux": {
          "outputs": [
            {
              "name": "out",
              "path": "/nix/store/xcn9p4xxfbvlkpah7pwchpav4ab9d135-gcc-wrapper-14-20241116",
              "default": true
            },
            {
              "name": "man",
              "path": "/nix/store/ifn8wv7q8qwi7pa7vf4rrj9fwknk6bzj-gcc-wrapper-14-20241116-man",
              "default": true
            },
            {
              "name": "info",
              "path": "/nix/store/h3b5gn5jh547jj8mz5g4c4270b5x1wl5-gcc-wrapper-14-20241116-info"
            }
          ],
          "store_path": "/nix/store/xcn9p4xxfbvlkpah7pwchpav4ab9d135-gcc-wrapper-14-20241116"
        }
      }
    },
    "github:NixOS/nixpkgs/nixpkgs-unstable": {
      "last_modified": "2025-07-01T05:58:53Z",
      "resolved": "github:NixOS/nixpkgs/bdfd0f2afcf764e531d0960c821ab070a6174b15?lastModified=1751349533&narHash=sha256-5XRh0mB06%2F7WYDLu9ZXsx1GhyvvNVZDtPyg34sUCLJs%3D"
    },
    "gnumake@4.4.1": {
      "last_modified": "2024-12-23T21:10:33Z",
      "resolved": "github:NixOS/nixpkgs/de1864217bfa9b5845f465e771e0ecb48b30e02d#gnumake",
      "source": "devbox-search",
      "version": "4.4.1",
      "systems": {
        "aarch64-darwin": {
          "outputs": [
            {
              "name": "out",
              "path": "/nix/store/kz7hhivh19j3fswz9i5knbq3xwsy7sp5-gnumake-4.4.1",
              "default": true
            },
            {
              "name": "man",
              "path": "/nix/store/8ndq9xqci1861y6fb97xgm90qxq3m9lj-gnumake-4.4.1-man",
              "default": true
            },
            {
              "name": "info",
              "path": "/nix/store/8677qdd03vfyb4zl9jqa1l3gf5nn42l0-gnumake-4.4.1-info"
            }
          ],
          "store_path": "/nix/store/kz7hhivh19j3fswz9i5knbq3xwsy7sp5-gnumake-4.4.1"
        },
        "aarch64-linux": {
          "outputs": [
            {
              "name": "out",
              "path": "/nix/store/vdn3rar5zcrg0mh406h4abq3w2d12hy2-gnumake-4.4.1",
              "default": true
            },
            {
              "name": "man",
              "path": "/nix/store/rim19s0wcffh71ma2bgm0hifpr71p3dz-gnumake-4.4.1-man",
              "default": true
            },
            {
              "name": "debug",
              "path": "/nix/store/gfsbcjrv2lxgipzsn3a65flqll44ihis-gnumake-4.4.1-debug"
            },
            {
              "name": "info",
              "path": "/nix/store/hnkqb83x19qv9hwa8l5vkvv2y21yps32-gnumake-4.4.1-info"
            }
          ],
          "store_path": "/nix/store/vdn3rar5zcrg0mh406h4abq3w2d12hy2-gnumake-4.4.1"
        },
        "x86_64-darwin": {
          "outputs": [
            {
              "name": "out",
              "path": "/nix/store/i68j153lqxkvyhflqip2lqxy9zqsf6k2-gnumake-4.4.1",
              "default": true
            },
            {
              "name": "man",
              "path": "/nix/store/mfcp0r854jpqn1vckhycabla9mwzfsff-gnumake-4.4.1-man",
              "default": true
            },
            {
              "name": "info",
              "path": "/nix/store/a0k03x1jwp180cwppi1yqd8h535p5ck6-gnumake-4.4.1-info"
            }
          ],
          "store_path": "/nix/store/i68j153lqxkvyhflqip2lqxy9zqsf6k2-gnumake-4.4.1"
        },
        "x86_64-linux": {
          "outputs": [
            {
              "name": "out",
              "path": "/nix/store/nmj7y4f9zkbzsb51wbnbf2yksa4ncprj-gnumake-4.4.1",
              "default": true
            },
            {
              "name": "man",
              "path": "/nix/store/4dwhf5vn36rxg6xk98qsswyhvzywqdh9-gnumake-4.4.1-man",
              "default": true
            },
            {
              "name": "debug",
              "path": "/nix/store/6vzw9g0p9n5467agw5z4l68xbwpzr79x-gnumake-4.4.1-debug"
            },
            {
              "name": "info",
              "path": "/nix/store/1cw85sbjpl43k7qdwhpcmz63rq0f54jc-gnumake-4.4.1-info"
            }
          ],
          "store_path": "/nix/store/nmj7y4f9zkbzsb51wbnbf2yksa4ncprj-gnumake-4.4.1"
        }
      }
    },
    "pkg-config@latest": {
      "last_modified": "2025-07-13T22:45:35Z",
      "resolved": "github:NixOS/nixpkgs/a421ac6595024edcfbb1ef950a3712b89161c359#pkg-config",
      "source": "devbox-search",
      "version": "0.29.2",
      "systems": {
        "aarch64-darwin": {
          "outputs": [
            {
              "name": "out",
              "path": "/nix/store/ln3ag9li111lb1z3d5kx85lmbwl02jxl-pkg-config-wrapper-0.29.2",
              "default": true
            },
            {
              "name": "man",
              "path": "/nix/store/mzinwf7wbz9bjpabxlf282jz063cqm0a-pkg-config-wrapper-0.29.2-man",
              "default": true
            },
            {
              "name": "doc",
              "path": "/nix/store/sjzdp47pc9islgv9yrb86v15z1fhl4s3-pkg-config-wrapper-0.29.2-doc"
            }
          ],
          "store_path": "/nix/store/ln3ag9li111lb1z3d5kx85lmbwl02jxl-pkg-config-wrapper-0.29.2"
        },
        "aarch64-linux": {
          "outputs": [
            {
              "name": "out",
              "path": "/nix/store/8xrwhdy4xjigawram5dbny74770464yi-pkg-config-wrapper-0.29.2",
              "default": true
            },
            {
              "name": "man",
              "path": "/nix/store/6wqf1vc84w4s7j0yyhakhjchf7fbbk9a-pkg-config-wrapper-0.29.2-man",
              "default": true
            },
            {
              "name": "doc",
              "path": "/nix/store/7f813rg7vj5ay0gvgwrjr7wf1j20j5rb-pkg-config-wrapper-0.29.2-doc"
            }
          ],
          "store_path": "/nix/store/8xrwhdy4xjigawram5dbny74770464yi-pkg-config-wrapper-0.29.2"
        },
        "x86_64-darwin": {
          "outputs": [
            {
              "name": "out",
              "path": "/nix/store/8awl29877crxfik0kypxcw2fgsj278qc-pkg-config-wrapper-0.29.2",
              "default": true
            },
            {
              "name": "man",
              "path": "/nix/store/0gyljbb8s4yq7hscv3330skbz6rnxshn-pkg-config-wrapper-0.29.2-man",
              "default": true
            },
            {
              "name": "doc",
              "path": "/nix/store/aynq77v8d0axk0x6v3asb3cbdsmvqyhn-pkg-config-wrapper-0.29.2-doc"
            }
          ],
          "store_path": "/nix/store/8awl29877crxfik0kypxcw2fgsj278qc-pkg-config-wrapper-0.29.2"
        },
        "x86_64-linux": {
          "outputs": [
            {
              "name": "out",
              "path": "/nix/store/rxz7i1sj19nrcmyk4sg49i2h1vfaazby-pkg-config-wrapper-0.29.2",
              "default": true
            },
            {
              "name": "man",
              "path": "/nix/store/z11lns38jrq1mb37cqlqwg19shgvnq1k-pkg-config-wrapper-0.29.2-man",
              "default": true
            },
            {
              "name": "doc",
              "path": "/nix/store/aq64w9jjm6gmizlxh1a362jjcfwlzsz2-pkg-config-wrapper-0.29.2-doc"
            }
          ],
          "store_path": "/nix/store/rxz7i1sj19nrcmyk4sg49i2h1vfaazby-pkg-config-wrapper-0.29.2"
        }
      }
    },
    "ruby@3.3.6": {
      "last_modified": "2025-03-11T17:52:14Z",
      "plugin_version": "0.0.2",
      "resolved": "github:NixOS/nixpkgs/0d534853a55b5d02a4ababa1d71921ce8f0aee4c#ruby",
      "source": "devbox-search",
      "version": "3.3.6",
      "systems": {
        "aarch64-darwin": {
          "outputs": [
            {
              "name": "out",
              "path": "/nix/store/993z2m53gyiasq56hb2mqprvx8nssza7-ruby-3.3.6",
              "default": true
            },
            {
              "name": "devdoc",
              "path": "/nix/store/jd5f07rrjz0x0330cfx68gvw9lrzjz8w-ruby-3.3.6-devdoc"
            }
          ],
          "store_path": "/nix/store/993z2m53gyiasq56hb2mqprvx8nssza7-ruby-3.3.6"
        },
        "aarch64-linux": {
          "outputs": [
            {
              "name": "out",
              "path": "/nix/store/dcdpq801xdnzq2ylhmyj8l8vyzdqgigf-ruby-3.3.6",
              "default": true
            },
            {
              "name": "devdoc",
              "path": "/nix/store/mph41qfkqcxlwfphpvjqbq13x2kkrldm-ruby-3.3.6-devdoc"
            }
          ],
          "store_path": "/nix/store/dcdpq801xdnzq2ylhmyj8l8vyzdqgigf-ruby-3.3.6"
        },
        "x86_64-darwin": {
          "outputs": [
            {
              "name": "out",
              "path": "/nix/store/lldwfqrdyl4z0ahvd5djd2x87pdbvq2q-ruby-3.3.6",
              "default": true
            },
            {
              "name": "devdoc",
              "path": "/nix/store/zkwc0vscv5j6jf8kjzaszcmrb4wwq98f-ruby-3.3.6-devdoc"
            }
          ],
          "store_path": "/nix/store/lldwfqrdyl4z0ahvd5djd2x87pdbvq2q-ruby-3.3.6"
        },
        "x86_64-linux": {
          "outputs": [
            {
              "name": "out",
              "path": "/nix/store/xk96lh29cjq0ak8zf89as6yk3wj7zh0x-ruby-3.3.6",
              "default": true
            },
            {
              "name": "devdoc",
              "path": "/nix/store/2h68kzh5bv60l4bq814r0my8brk93lcg-ruby-3.3.6-devdoc"
            }
          ],
          "store_path": "/nix/store/xk96lh29cjq0ak8zf89as6yk3wj7zh0x-ruby-3.3.6"
        }
      }
    }
  }
}
